
Microsoft Visual Studio Solution File, Format Version 12.00
# Visual Studio 2012
Project("{FAE04EC0-301F-11D3-BF4B-00C04F79EFBC}") = "AppSwitch", "AppSwitch\AppSwitch.csproj", "{B87E3B21-8AC9-4DA5-8A44-1CDC00175881}"
EndProject
Global
	GlobalSection(SolutionConfigurationPlatforms) = preSolution
		Debug|Any CPU = Debug|Any CPU
		Release|Any CPU = Release|Any CPU
	EndGlobalSection
	GlobalSection(ProjectConfigurationPlatforms) = postSolution
		{B87E3B21-8AC9-4DA5-8A44-1CDC00175881}.Debug|Any CPU.ActiveCfg = Debug|Any CPU
		{B87E3B21-8AC9-4DA5-8A44-1CDC00175881}.Debug|Any CPU.Build.0 = Debug|Any CPU
		{B87E3B21-8AC9-4DA5-8A44-1CDC00175881}.Release|Any CPU.ActiveCfg = Release|Any CPU
		{B87E3B21-8AC9-4DA5-8A44-1CDC00175881}.Release|Any CPU.Build.0 = Release|Any CPU
	EndGlobalSection
	GlobalSection(SolutionProperties) = preSolution
		HideSolutionNode = FALSE
	EndGlobalSection
EndGlobal
